# This file is automatically @generated by Cargo.
# It is not intended for manual editing.
[[package]]
name = "libc"
version = "0.2.49"

[[package]]
name = "optee-utee"
version = "0.1.0"
dependencies = [
 "libc 0.2.49",
 "optee-utee-sys 0.1.0",
]

[[package]]
name = "optee-utee-sys"
version = "0.1.0"
dependencies = [
 "libc 0.2.49",
]

[[package]]
name = "ta"
version = "0.1.0"
dependencies = [
 "libc 0.2.49",
 "optee-utee 0.1.0",
 "optee-utee-sys 0.1.0",
 "uuid 0.7.2 (registry+https://github.com/rust-lang/crates.io-index)",
]

[[package]]
name = "uuid"
version = "0.7.2"
source = "registry+https://github.com/rust-lang/crates.io-index"

[metadata]
"checksum uuid 0.7.2 (registry+https://github.com/rust-lang/crates.io-index)" = "0238db0c5b605dd1cf51de0f21766f97fba2645897024461d6a00c036819a768"
