# This file is automatically @generated by Cargo.
# It is not intended for manual editing.
[[package]]
name = "cfg-if"
version = "1.0.0"
source = "registry+https://github.com/rust-lang/crates.io-index"

[[package]]
name = "getrandom"
version = "0.2.3"
source = "registry+https://github.com/rust-lang/crates.io-index"
dependencies = [
 "cfg-if 1.0.0 (registry+https://github.com/rust-lang/crates.io-index)",
 "libc 0.2.95 (registry+https://github.com/rust-lang/crates.io-index)",
 "wasi 0.10.2+wasi-snapshot-preview1 (registry+https://github.com/rust-lang/crates.io-index)",
]

[[package]]
name = "hex"
version = "0.3.2"
source = "registry+https://github.com/rust-lang/crates.io-index"

[[package]]
name = "libc"
version = "0.2.95"
source = "registry+https://github.com/rust-lang/crates.io-index"

[[package]]
name = "optee-teec"
version = "0.1.0"
dependencies = [
 "hex 0.3.2 (registry+https://github.com/rust-lang/crates.io-index)",
 "libc 0.2.95 (registry+https://github.com/rust-lang/crates.io-index)",
 "optee-teec-sys 0.1.0",
 "uuid 0.7.2 (registry+https://github.com/rust-lang/crates.io-index)",
]

[[package]]
name = "optee-teec-sys"
version = "0.1.0"
dependencies = [
 "libc 0.2.95 (registry+https://github.com/rust-lang/crates.io-index)",
]

[[package]]
name = "proto"
version = "0.1.0"
dependencies = [
 "uuid 0.8.2 (registry+https://github.com/rust-lang/crates.io-index)",
]

[[package]]
name = "random"
version = "0.1.0"
dependencies = [
 "libc 0.2.95 (registry+https://github.com/rust-lang/crates.io-index)",
 "optee-teec 0.1.0",
 "proto 0.1.0",
 "uuid 0.8.2 (registry+https://github.com/rust-lang/crates.io-index)",
]

[[package]]
name = "uuid"
version = "0.7.2"
source = "registry+https://github.com/rust-lang/crates.io-index"

[[package]]
name = "uuid"
version = "0.8.2"
source = "registry+https://github.com/rust-lang/crates.io-index"
dependencies = [
 "getrandom 0.2.3 (registry+https://github.com/rust-lang/crates.io-index)",
]

[[package]]
name = "wasi"
version = "0.10.2+wasi-snapshot-preview1"
source = "registry+https://github.com/rust-lang/crates.io-index"

[metadata]
"checksum cfg-if 1.0.0 (registry+https://github.com/rust-lang/crates.io-index)" = "baf1de4339761588bc0619e3cbc0120ee582ebb74b53b4efbf79117bd2da40fd"
"checksum getrandom 0.2.3 (registry+https://github.com/rust-lang/crates.io-index)" = "7fcd999463524c52659517fe2cea98493cfe485d10565e7b0fb07dbba7ad2753"
"checksum hex 0.3.2 (registry+https://github.com/rust-lang/crates.io-index)" = "805026a5d0141ffc30abb3be3173848ad46a1b1664fe632428479619a3644d77"
"checksum libc 0.2.95 (registry+https://github.com/rust-lang/crates.io-index)" = "789da6d93f1b866ffe175afc5322a4d76c038605a1c3319bb57b06967ca98a36"
"checksum uuid 0.7.2 (registry+https://github.com/rust-lang/crates.io-index)" = "0238db0c5b605dd1cf51de0f21766f97fba2645897024461d6a00c036819a768"
"checksum uuid 0.8.2 (registry+https://github.com/rust-lang/crates.io-index)" = "bc5cf98d8186244414c848017f0e2676b3fcb46807f6668a97dfe67359a3c4b7"
"checksum wasi 0.10.2+wasi-snapshot-preview1 (registry+https://github.com/rust-lang/crates.io-index)" = "fd6fbd9a79829dd1ad0cc20627bf1ed606756a7f77edff7b66b7064f9cb327c6"
