# This file is automatically @generated by Cargo.
# It is not intended for manual editing.
[[package]]
name = "hex"
version = "0.3.2"
source = "registry+https://github.com/rust-lang/crates.io-index"

[[package]]
name = "libc"
version = "0.2.48"
source = "registry+https://github.com/rust-lang/crates.io-index"

[[package]]
name = "optee-teec"
version = "0.1.0"
dependencies = [
 "hex 0.3.2 (registry+https://github.com/rust-lang/crates.io-index)",
 "libc 0.2.48 (registry+https://github.com/rust-lang/crates.io-index)",
 "optee-teec-sys 0.1.0",
 "uuid 0.7.2 (registry+https://github.com/rust-lang/crates.io-index)",
]

[[package]]
name = "optee-teec-sys"
version = "0.1.0"
dependencies = [
 "libc 0.2.48 (registry+https://github.com/rust-lang/crates.io-index)",
]

[[package]]
name = "random_generator"
version = "0.1.0"
dependencies = [
 "libc 0.2.48 (registry+https://github.com/rust-lang/crates.io-index)",
 "optee-teec 0.1.0",
 "optee-teec-sys 0.1.0",
]

[[package]]
name = "uuid"
version = "0.7.2"
source = "registry+https://github.com/rust-lang/crates.io-index"

[metadata]
"checksum hex 0.3.2 (registry+https://github.com/rust-lang/crates.io-index)" = "805026a5d0141ffc30abb3be3173848ad46a1b1664fe632428479619a3644d77"
"checksum libc 0.2.48 (registry+https://github.com/rust-lang/crates.io-index)" = "e962c7641008ac010fa60a7dfdc1712449f29c44ef2d4702394aea943ee75047"
"checksum uuid 0.7.2 (registry+https://github.com/rust-lang/crates.io-index)" = "0238db0c5b605dd1cf51de0f21766f97fba2645897024461d6a00c036819a768"
